// !$*UTF8*$!
{
	archiveVersion = 1;
	classes = {
	};
	objectVersion = 50;
	objects = {

/* Begin PBXBuildFile section */
		F61417DF2631D30000E9BF5B /* FruitModel.swift in Sources */ = {isa = PBXBuildFile; fileRef = F61417DE2631D30000E9BF5B /* FruitModel.swift */; };
		F61417E32631D4CC00E9BF5B /* FruitData.swift in Sources */ = {isa = PBXBuildFile; fileRef = F61417E22631D4CC00E9BF5B /* FruitData.swift */; };
		F61417E72631FC6000E9BF5B /* FruitRowView.swift in Sources */ = {isa = PBXBuildFile; fileRef = F61417E62631FC6000E9BF5B /* FruitRowView.swift */; };
		F61417EA263200E300E9BF5B /* FruitDetailView.swift in Sources */ = {isa = PBXBuildFile; fileRef = F61417E9263200E300E9BF5B /* FruitDetailView.swift */; };
		F61417ED263205F500E9BF5B /* FruitHeaderView.swift in Sources */ = {isa = PBXBuildFile; fileRef = F61417EC263205F500E9BF5B /* FruitHeaderView.swift */; };
		F61417F02632202200E9BF5B /* SourceLinkView.swift in Sources */ = {isa = PBXBuildFile; fileRef = F61417EF2632202200E9BF5B /* SourceLinkView.swift */; };
		F63133BB262F3A8B00FA0841 /* FructusApp.swift in Sources */ = {isa = PBXBuildFile; fileRef = F63133BA262F3A8B00FA0841 /* FructusApp.swift */; };
		F63133BD262F3A8B00FA0841 /* ContentView.swift in Sources */ = {isa = PBXBuildFile; fileRef = F63133BC262F3A8B00FA0841 /* ContentView.swift */; };
		F63133BF262F3A8E00FA0841 /* Assets.xcassets in Resources */ = {isa = PBXBuildFile; fileRef = F63133BE262F3A8E00FA0841 /* Assets.xcassets */; };
		F63133C2262F3A8E00FA0841 /* Preview Assets.xcassets in Resources */ = {isa = PBXBuildFile; fileRef = F63133C1262F3A8E00FA0841 /* Preview Assets.xcassets */; };
		F63133CE262F3ADC00FA0841 /* FruitCardView.swift in Sources */ = {isa = PBXBuildFile; fileRef = F63133CD262F3ADC00FA0841 /* FruitCardView.swift */; };
		F63133D2262F44FB00FA0841 /* StartButtonView.swift in Sources */ = {isa = PBXBuildFile; fileRef = F63133D1262F44FB00FA0841 /* StartButtonView.swift */; };
		F63133D5262F499F00FA0841 /* OnboardingView.swift in Sources */ = {isa = PBXBuildFile; fileRef = F63133D4262F499F00FA0841 /* OnboardingView.swift */; };
		F66DD5D326332ED800B966E2 /* FruitNutrientsView.swift in Sources */ = {isa = PBXBuildFile; fileRef = F66DD5D226332ED800B966E2 /* FruitNutrientsView.swift */; };
		F66DD5D626334E6100B966E2 /* SettingsView.swift in Sources */ = {isa = PBXBuildFile; fileRef = F66DD5D526334E6100B966E2 /* SettingsView.swift */; };
		F66DD5D926335E3B00B966E2 /* SettingsLabelView.swift in Sources */ = {isa = PBXBuildFile; fileRef = F66DD5D826335E3B00B966E2 /* SettingsLabelView.swift */; };
		F66DD5E8263363D800B966E2 /* SettingsRowView.swift in Sources */ = {isa = PBXBuildFile; fileRef = F66DD5E7263363D800B966E2 /* SettingsRowView.swift */; };
/* End PBXBuildFile section */

/* Begin PBXFileReference section */
		F61417DE2631D30000E9BF5B /* FruitModel.swift */ = {isa = PBXFileReference; lastKnownFileType = sourcecode.swift; path = FruitModel.swift; sourceTree = "<group>"; };
		F61417E22631D4CC00E9BF5B /* FruitData.swift */ = {isa = PBXFileReference; lastKnownFileType = sourcecode.swift; path = FruitData.swift; sourceTree = "<group>"; };
		F61417E62631FC6000E9BF5B /* FruitRowView.swift */ = {isa = PBXFileReference; lastKnownFileType = sourcecode.swift; path = FruitRowView.swift; sourceTree = "<group>"; };
		F61417E9263200E300E9BF5B /* FruitDetailView.swift */ = {isa = PBXFileReference; lastKnownFileType = sourcecode.swift; path = FruitDetailView.swift; sourceTree = "<group>"; };
		F61417EC263205F500E9BF5B /* FruitHeaderView.swift */ = {isa = PBXFileReference; lastKnownFileType = sourcecode.swift; path = FruitHeaderView.swift; sourceTree = "<group>"; };
		F61417EF2632202200E9BF5B /* SourceLinkView.swift */ = {isa = PBXFileReference; lastKnownFileType = sourcecode.swift; path = SourceLinkView.swift; sourceTree = "<group>"; };
		F63133B7262F3A8B00FA0841 /* Fructus.app */ = {isa = PBXFileReference; explicitFileType = wrapper.application; includeInIndex = 0; path = Fructus.app; sourceTree = BUILT_PRODUCTS_DIR; };
		F63133BA262F3A8B00FA0841 /* FructusApp.swift */ = {isa = PBXFileReference; lastKnownFileType = sourcecode.swift; path = FructusApp.swift; sourceTree = "<group>"; };
		F63133BC262F3A8B00FA0841 /* ContentView.swift */ = {isa = PBXFileReference; lastKnownFileType = sourcecode.swift; path = ContentView.swift; sourceTree = "<group>"; };
		F63133BE262F3A8E00FA0841 /* Assets.xcassets */ = {isa = PBXFileReference; lastKnownFileType = folder.assetcatalog; path = Assets.xcassets; sourceTree = "<group>"; };
		F63133C1262F3A8E00FA0841 /* Preview Assets.xcassets */ = {isa = PBXFileReference; lastKnownFileType = folder.assetcatalog; path = "Preview Assets.xcassets"; sourceTree = "<group>"; };
		F63133C3262F3A8E00FA0841 /* Info.plist */ = {isa = PBXFileReference; lastKnownFileType = text.plist.xml; path = Info.plist; sourceTree = "<group>"; };
		F63133CD262F3ADC00FA0841 /* FruitCardView.swift */ = {isa = PBXFileReference; lastKnownFileType = sourcecode.swift; path = FruitCardView.swift; sourceTree = "<group>"; };
		F63133D1262F44FB00FA0841 /* StartButtonView.swift */ = {isa = PBXFileReference; lastKnownFileType = sourcecode.swift; path = StartButtonView.swift; sourceTree = "<group>"; };
		F63133D4262F499F00FA0841 /* OnboardingView.swift */ = {isa = PBXFileReference; lastKnownFileType = sourcecode.swift; path = OnboardingView.swift; sourceTree = "<group>"; };
		F66DD5D226332ED800B966E2 /* FruitNutrientsView.swift */ = {isa = PBXFileReference; lastKnownFileType = sourcecode.swift; path = FruitNutrientsView.swift; sourceTree = "<group>"; };
		F66DD5D526334E6100B966E2 /* SettingsView.swift */ = {isa = PBXFileReference; lastKnownFileType = sourcecode.swift; path = SettingsView.swift; sourceTree = "<group>"; };
		F66DD5D826335E3B00B966E2 /* SettingsLabelView.swift */ = {isa = PBXFileReference; lastKnownFileType = sourcecode.swift; path = SettingsLabelView.swift; sourceTree = "<group>"; };
		F66DD5E7263363D800B966E2 /* SettingsRowView.swift */ = {isa = PBXFileReference; lastKnownFileType = sourcecode.swift; path = SettingsRowView.swift; sourceTree = "<group>"; };
/* End PBXFileReference section */

/* Begin PBXFrameworksBuildPhase section */
		F63133B4262F3A8B00FA0841 /* Frameworks */ = {
			isa = PBXFrameworksBuildPhase;
			buildActionMask = 2147483647;
			files = (
			);
			runOnlyForDeploymentPostprocessing = 0;
		};
/* End PBXFrameworksBuildPhase section */

/* Begin PBXGroup section */
		F61417DD2631D2E900E9BF5B /* Model */ = {
			isa = PBXGroup;
			children = (
				F61417DE2631D30000E9BF5B /* FruitModel.swift */,
			);
			path = Model;
			sourceTree = "<group>";
		};
		F61417E12631D4B500E9BF5B /* Data */ = {
			isa = PBXGroup;
			children = (
				F61417E22631D4CC00E9BF5B /* FruitData.swift */,
			);
			path = Data;
			sourceTree = "<group>";
		};
		F63133AE262F3A8B00FA0841 = {
			isa = PBXGroup;
			children = (
				F63133B9262F3A8B00FA0841 /* Fructus */,
				F63133B8262F3A8B00FA0841 /* Products */,
			);
			sourceTree = "<group>";
		};
		F63133B8262F3A8B00FA0841 /* Products */ = {
			isa = PBXGroup;
			children = (
				F63133B7262F3A8B00FA0841 /* Fructus.app */,
			);
			name = Products;
			sourceTree = "<group>";
		};
		F63133B9262F3A8B00FA0841 /* Fructus */ = {
			isa = PBXGroup;
			children = (
				F61417E12631D4B500E9BF5B /* Data */,
				F63133CA262F3A9500FA0841 /* Supporting Files */,
				F63133CB262F3AA000FA0841 /* App */,
				F61417DD2631D2E900E9BF5B /* Model */,
				F63133CC262F3AA800FA0841 /* Views */,
				F63133C3262F3A8E00FA0841 /* Info.plist */,
				F63133C0262F3A8E00FA0841 /* Preview Content */,
			);
			path = Fructus;
			sourceTree = "<group>";
		};
		F63133C0262F3A8E00FA0841 /* Preview Content */ = {
			isa = PBXGroup;
			children = (
				F63133C1262F3A8E00FA0841 /* Preview Assets.xcassets */,
			);
			path = "Preview Content";
			sourceTree = "<group>";
		};
		F63133CA262F3A9500FA0841 /* Supporting Files */ = {
			isa = PBXGroup;
			children = (
				F63133BE262F3A8E00FA0841 /* Assets.xcassets */,
			);
			path = "Supporting Files";
			sourceTree = "<group>";
		};
		F63133CB262F3AA000FA0841 /* App */ = {
			isa = PBXGroup;
			children = (
				F63133BA262F3A8B00FA0841 /* FructusApp.swift */,
			);
			path = App;
			sourceTree = "<group>";
		};
		F63133CC262F3AA800FA0841 /* Views */ = {
			isa = PBXGroup;
			children = (
				F66DD5DE26335F3400B966E2 /* OnBoarding Module */,
				F66DD5DC26335F0100B966E2 /* Home Module */,
				F66DD5DB26335EDF00B966E2 /* Details Module */,
				F66DD5E326335F9200B966E2 /* Setting Module */,
			);
			path = Views;
			sourceTree = "<group>";
		};
		F66DD5DB26335EDF00B966E2 /* Details Module */ = {
			isa = PBXGroup;
			children = (
				F61417E9263200E300E9BF5B /* FruitDetailView.swift */,
				F61417EC263205F500E9BF5B /* FruitHeaderView.swift */,
				F61417EF2632202200E9BF5B /* SourceLinkView.swift */,
				F66DD5D226332ED800B966E2 /* FruitNutrientsView.swift */,
			);
			path = "Details Module";
			sourceTree = "<group>";
		};
		F66DD5DC26335F0100B966E2 /* Home Module */ = {
			isa = PBXGroup;
			children = (
				F63133BC262F3A8B00FA0841 /* ContentView.swift */,
				F61417E62631FC6000E9BF5B /* FruitRowView.swift */,
			);
			path = "Home Module";
			sourceTree = "<group>";
		};
		F66DD5DE26335F3400B966E2 /* OnBoarding Module */ = {
			isa = PBXGroup;
			children = (
				F63133D4262F499F00FA0841 /* OnboardingView.swift */,
				F63133CD262F3ADC00FA0841 /* FruitCardView.swift */,
				F63133D1262F44FB00FA0841 /* StartButtonView.swift */,
			);
			path = "OnBoarding Module";
			sourceTree = "<group>";
		};
		F66DD5E326335F9200B966E2 /* Setting Module */ = {
			isa = PBXGroup;
			children = (
				F66DD5D526334E6100B966E2 /* SettingsView.swift */,
				F66DD5D826335E3B00B966E2 /* SettingsLabelView.swift */,
				F66DD5E7263363D800B966E2 /* SettingsRowView.swift */,
			);
			path = "Setting Module";
			sourceTree = "<group>";
		};
/* End PBXGroup section */

/* Begin PBXNativeTarget section */
		F63133B6262F3A8B00FA0841 /* Fructus */ = {
			isa = PBXNativeTarget;
			buildConfigurationList = F63133C6262F3A8E00FA0841 /* Build configuration list for PBXNativeTarget "Fructus" */;
			buildPhases = (
				F63133B3262F3A8B00FA0841 /* Sources */,
				F63133B4262F3A8B00FA0841 /* Frameworks */,
				F63133B5262F3A8B00FA0841 /* Resources */,
			);
			buildRules = (
			);
			dependencies = (
			);
			name = Fructus;
			productName = Fructus;
			productReference = F63133B7262F3A8B00FA0841 /* Fructus.app */;
			productType = "com.apple.product-type.application";
		};
/* End PBXNativeTarget section */

/* Begin PBXProject section */
		F63133AF262F3A8B00FA0841 /* Project object */ = {
			isa = PBXProject;
			attributes = {
				LastSwiftUpdateCheck = 1240;
				LastUpgradeCheck = 1240;
				TargetAttributes = {
					F63133B6262F3A8B00FA0841 = {
						CreatedOnToolsVersion = 12.4;
					};
				};
			};
			buildConfigurationList = F63133B2262F3A8B00FA0841 /* Build configuration list for PBXProject "Fructus" */;
			compatibilityVersion = "Xcode 9.3";
			developmentRegion = en;
			hasScannedForEncodings = 0;
			knownRegions = (
				en,
				Base,
			);
			mainGroup = F63133AE262F3A8B00FA0841;
			productRefGroup = F63133B8262F3A8B00FA0841 /* Products */;
			projectDirPath = "";
			projectRoot = "";
			targets = (
				F63133B6262F3A8B00FA0841 /* Fructus */,
			);
		};
/* End PBXProject section */

/* Begin PBXResourcesBuildPhase section */
		F63133B5262F3A8B00FA0841 /* Resources */ = {
			isa = PBXResourcesBuildPhase;
			buildActionMask = 2147483647;
			files = (
				F63133C2262F3A8E00FA0841 /* Preview Assets.xcassets in Resources */,
				F63133BF262F3A8E00FA0841 /* Assets.xcassets in Resources */,
			);
			runOnlyForDeploymentPostprocessing = 0;
		};
/* End PBXResourcesBuildPhase section */

/* Begin PBXSourcesBuildPhase section */
		F63133B3262F3A8B00FA0841 /* Sources */ = {
			isa = PBXSourcesBuildPhase;
			buildActionMask = 2147483647;
			files = (
				F61417E32631D4CC00E9BF5B /* FruitData.swift in Sources */,
				F61417F02632202200E9BF5B /* SourceLinkView.swift in Sources */,
				F66DD5E8263363D800B966E2 /* SettingsRowView.swift in Sources */,
				F63133CE262F3ADC00FA0841 /* FruitCardView.swift in Sources */,
				F61417E72631FC6000E9BF5B /* FruitRowView.swift in Sources */,
				F66DD5D326332ED800B966E2 /* FruitNutrientsView.swift in Sources */,
				F63133D2262F44FB00FA0841 /* StartButtonView.swift in Sources */,
				F61417EA263200E300E9BF5B /* FruitDetailView.swift in Sources */,
				F63133BD262F3A8B00FA0841 /* ContentView.swift in Sources */,
				F61417ED263205F500E9BF5B /* FruitHeaderView.swift in Sources */,
				F63133D5262F499F00FA0841 /* OnboardingView.swift in Sources */,
				F66DD5D926335E3B00B966E2 /* SettingsLabelView.swift in Sources */,
				F61417DF2631D30000E9BF5B /* FruitModel.swift in Sources */,
				F63133BB262F3A8B00FA0841 /* FructusApp.swift in Sources */,
				F66DD5D626334E6100B966E2 /* SettingsView.swift in Sources */,
			);
			runOnlyForDeploymentPostprocessing = 0;
		};
/* End PBXSourcesBuildPhase section */

/* Begin XCBuildConfiguration section */
		F63133C4262F3A8E00FA0841 /* Debug */ = {
			isa = XCBuildConfiguration;
			buildSettings = {
				ALWAYS_SEARCH_USER_PATHS = NO;
				CLANG_ANALYZER_NONNULL = YES;
				CLANG_ANALYZER_NUMBER_OBJECT_CONVERSION = YES_AGGRESSIVE;
				CLANG_CXX_LANGUAGE_STANDARD = "gnu++14";
				CLANG_CXX_LIBRARY = "libc++";
				CLANG_ENABLE_MODULES = YES;
				CLANG_ENABLE_OBJC_ARC = YES;
				CLANG_ENABLE_OBJC_WEAK = YES;
				CLANG_WARN_BLOCK_CAPTURE_AUTORELEASING = YES;
				CLANG_WARN_BOOL_CONVERSION = YES;
				CLANG_WARN_COMMA = YES;
				CLANG_WARN_CONSTANT_CONVERSION = YES;
				CLANG_WARN_DEPRECATED_OBJC_IMPLEMENTATIONS = YES;
				CLANG_WARN_DIRECT_OBJC_ISA_USAGE = YES_ERROR;
				CLANG_WARN_DOCUMENTATION_COMMENTS = YES;
				CLANG_WARN_EMPTY_BODY = YES;
				CLANG_WARN_ENUM_CONVERSION = YES;
				CLANG_WARN_INFINITE_RECURSION = YES;
				CLANG_WARN_INT_CONVERSION = YES;
				CLANG_WARN_NON_LITERAL_NULL_CONVERSION = YES;
				CLANG_WARN_OBJC_IMPLICIT_RETAIN_SELF = YES;
				CLANG_WARN_OBJC_LITERAL_CONVERSION = YES;
				CLANG_WARN_OBJC_ROOT_CLASS = YES_ERROR;
				CLANG_WARN_QUOTED_INCLUDE_IN_FRAMEWORK_HEADER = YES;
				CLANG_WARN_RANGE_LOOP_ANALYSIS = YES;
				CLANG_WARN_STRICT_PROTOTYPES = YES;
				CLANG_WARN_SUSPICIOUS_MOVE = YES;
				CLANG_WARN_UNGUARDED_AVAILABILITY = YES_AGGRESSIVE;
				CLANG_WARN_UNREACHABLE_CODE = YES;
				CLANG_WARN__DUPLICATE_METHOD_MATCH = YES;
				COPY_PHASE_STRIP = NO;
				DEBUG_INFORMATION_FORMAT = dwarf;
				ENABLE_STRICT_OBJC_MSGSEND = YES;
				ENABLE_TESTABILITY = YES;
				GCC_C_LANGUAGE_STANDARD = gnu11;
				GCC_DYNAMIC_NO_PIC = NO;
				GCC_NO_COMMON_BLOCKS = YES;
				GCC_OPTIMIZATION_LEVEL = 0;
				GCC_PREPROCESSOR_DEFINITIONS = (
					"DEBUG=1",
					"$(inherited)",
				);
				GCC_WARN_64_TO_32_BIT_CONVERSION = YES;
				GCC_WARN_ABOUT_RETURN_TYPE = YES_ERROR;
				GCC_WARN_UNDECLARED_SELECTOR = YES;
				GCC_WARN_UNINITIALIZED_AUTOS = YES_AGGRESSIVE;
				GCC_WARN_UNUSED_FUNCTION = YES;
				GCC_WARN_UNUSED_VARIABLE = YES;
				IPHONEOS_DEPLOYMENT_TARGET = 14.4;
				MTL_ENABLE_DEBUG_INFO = INCLUDE_SOURCE;
				MTL_FAST_MATH = YES;
				ONLY_ACTIVE_ARCH = YES;
				SDKROOT = iphoneos;
				SWIFT_ACTIVE_COMPILATION_CONDITIONS = DEBUG;
				SWIFT_OPTIMIZATION_LEVEL = "-Onone";
			};
			name = Debug;
		};
		F63133C5262F3A8E00FA0841 /* Release */ = {
			isa = XCBuildConfiguration;
			buildSettings = {
				ALWAYS_SEARCH_USER_PATHS = NO;
				CLANG_ANALYZER_NONNULL = YES;
				CLANG_ANALYZER_NUMBER_OBJECT_CONVERSION = YES_AGGRESSIVE;
				CLANG_CXX_LANGUAGE_STANDARD = "gnu++14";
				CLANG_CXX_LIBRARY = "libc++";
				CLANG_ENABLE_MODULES = YES;
				CLANG_ENABLE_OBJC_ARC = YES;
				CLANG_ENABLE_OBJC_WEAK = YES;
				CLANG_WARN_BLOCK_CAPTURE_AUTORELEASING = YES;
				CLANG_WARN_BOOL_CONVERSION = YES;
				CLANG_WARN_COMMA = YES;
				CLANG_WARN_CONSTANT_CONVERSION = YES;
				CLANG_WARN_DEPRECATED_OBJC_IMPLEMENTATIONS = YES;
				CLANG_WARN_DIRECT_OBJC_ISA_USAGE = YES_ERROR;
				CLANG_WARN_DOCUMENTATION_COMMENTS = YES;
				CLANG_WARN_EMPTY_BODY = YES;
				CLANG_WARN_ENUM_CONVERSION = YES;
				CLANG_WARN_INFINITE_RECURSION = YES;
				CLANG_WARN_INT_CONVERSION = YES;
				CLANG_WARN_NON_LITERAL_NULL_CONVERSION = YES;
				CLANG_WARN_OBJC_IMPLICIT_RETAIN_SELF = YES;
				CLANG_WARN_OBJC_LITERAL_CONVERSION = YES;
				CLANG_WARN_OBJC_ROOT_CLASS = YES_ERROR;
				CLANG_WARN_QUOTED_INCLUDE_IN_FRAMEWORK_HEADER = YES;
				CLANG_WARN_RANGE_LOOP_ANALYSIS = YES;
				CLANG_WARN_STRICT_PROTOTYPES = YES;
				CLANG_WARN_SUSPICIOUS_MOVE = YES;
				CLANG_WARN_UNGUARDED_AVAILABILITY = YES_AGGRESSIVE;
				CLANG_WARN_UNREACHABLE_CODE = YES;
				CLANG_WARN__DUPLICATE_METHOD_MATCH = YES;
				COPY_PHASE_STRIP = NO;
				DEBUG_INFORMATION_FORMAT = "dwarf-with-dsym";
				ENABLE_NS_ASSERTIONS = NO;
				ENABLE_STRICT_OBJC_MSGSEND = YES;
				GCC_C_LANGUAGE_STANDARD = gnu11;
				GCC_NO_COMMON_BLOCKS = YES;
				GCC_WARN_64_TO_32_BIT_CONVERSION = YES;
				GCC_WARN_ABOUT_RETURN_TYPE = YES_ERROR;
				GCC_WARN_UNDECLARED_SELECTOR = YES;
				GCC_WARN_UNINITIALIZED_AUTOS = YES_AGGRESSIVE;
				GCC_WARN_UNUSED_FUNCTION = YES;
				GCC_WARN_UNUSED_VARIABLE = YES;
				IPHONEOS_DEPLOYMENT_TARGET = 14.4;
				MTL_ENABLE_DEBUG_INFO = NO;
				MTL_FAST_MATH = YES;
				SDKROOT = iphoneos;
				SWIFT_COMPILATION_MODE = wholemodule;
				SWIFT_OPTIMIZATION_LEVEL = "-O";
				VALIDATE_PRODUCT = YES;
			};
			name = Release;
		};
		F63133C7262F3A8E00FA0841 /* Debug */ = {
			isa = XCBuildConfiguration;
			buildSettings = {
				ASSETCATALOG_COMPILER_APPICON_NAME = AppIcon;
				ASSETCATALOG_COMPILER_GLOBAL_ACCENT_COLOR_NAME = AccentColor;
				CODE_SIGN_STYLE = Automatic;
				DEVELOPMENT_ASSET_PATHS = "\"Fructus/Preview Content\"";
				DEVELOPMENT_TEAM = TTD98URGJH;
				ENABLE_PREVIEWS = YES;
				INFOPLIST_FILE = Fructus/Info.plist;
				IPHONEOS_DEPLOYMENT_TARGET = 14.0;
				LD_RUNPATH_SEARCH_PATHS = (
					"$(inherited)",
					"@executable_path/Frameworks",
				);
				PRODUCT_BUNDLE_IDENTIFIER = com.NinjaDeveloper.Fructus;
				PRODUCT_NAME = "$(TARGET_NAME)";
				SWIFT_VERSION = 5.0;
				TARGETED_DEVICE_FAMILY = "1,2";
			};
			name = Debug;
		};
		F63133C8262F3A8E00FA0841 /* Release */ = {
			isa = XCBuildConfiguration;
			buildSettings = {
				ASSETCATALOG_COMPILER_APPICON_NAME = AppIcon;
				ASSETCATALOG_COMPILER_GLOBAL_ACCENT_COLOR_NAME = AccentColor;
				CODE_SIGN_STYLE = Automatic;
				DEVELOPMENT_ASSET_PATHS = "\"Fructus/Preview Content\"";
				DEVELOPMENT_TEAM = TTD98URGJH;
				ENABLE_PREVIEWS = YES;
				INFOPLIST_FILE = Fructus/Info.plist;
				IPHONEOS_DEPLOYMENT_TARGET = 14.0;
				LD_RUNPATH_SEARCH_PATHS = (
					"$(inherited)",
					"@executable_path/Frameworks",
				);
				PRODUCT_BUNDLE_IDENTIFIER = com.NinjaDeveloper.Fructus;
				PRODUCT_NAME = "$(TARGET_NAME)";
				SWIFT_VERSION = 5.0;
				TARGETED_DEVICE_FAMILY = "1,2";
			};
			name = Release;
		};
/* End XCBuildConfiguration section */

/* Begin XCConfigurationList section */
		F63133B2262F3A8B00FA0841 /* Build configuration list for PBXProject "Fructus" */ = {
			isa = XCConfigurationList;
			buildConfigurations = (
				F63133C4262F3A8E00FA0841 /* Debug */,
				F63133C5262F3A8E00FA0841 /* Release */,
			);
			defaultConfigurationIsVisible = 0;
			defaultConfigurationName = Release;
		};
		F63133C6262F3A8E00FA0841 /* Build configuration list for PBXNativeTarget "Fructus" */ = {
			isa = XCConfigurationList;
			buildConfigurations = (
				F63133C7262F3A8E00FA0841 /* Debug */,
				F63133C8262F3A8E00FA0841 /* Release */,
			);
			defaultConfigurationIsVisible = 0;
			defaultConfigurationName = Release;
		};
/* End XCConfigurationList section */
	};
	rootObject = F63133AF262F3A8B00FA0841 /* Project object */;
}
